// !$*UTF8*$!
{
	archiveVersion = 1;
	classes = {
	};
	objectVersion = 55;
	objects = {

/* Begin PBXBuildFile section */
		EB0EB6CD2E8041A400B50451 /* AppDelegate.swift in Sources */ = {isa = PBXBuildFile; fileRef = EB0EB6CC2E8041A400B50451 /* AppDelegate.swift */; };
		EB0EB6CF2E8041A400B50451 /* SceneDelegate.swift in Sources */ = {isa = PBXBuildFile; fileRef = EB0EB6CE2E8041A400B50451 /* SceneDelegate.swift */; };
		EB0EB6D12E8041A400B50451 /* ViewController.swift in Sources */ = {isa = PBXBuildFile; fileRef = EB0EB6D02E8041A400B50451 /* ViewController.swift */; };
		EB0EB6D62E8041A700B50451 /* Assets.xcassets in Resources */ = {isa = PBXBuildFile; fileRef = EB0EB6D52E8041A700B50451 /* Assets.xcassets */; };
		EB0EB6D92E8041A700B50451 /* LaunchScreen.storyboard in Resources */ = {isa = PBXBuildFile; fileRef = EB0EB6D72E8041A700B50451 /* LaunchScreen.storyboard */; };
		EB0EB6E42E8041A700B50451 /* DouYuTVTests.swift in Sources */ = {isa = PBXBuildFile; fileRef = EB0EB6E32E8041A700B50451 /* DouYuTVTests.swift */; };
		EB0EB6EE2E8041A700B50451 /* DouYuTVUITests.swift in Sources */ = {isa = PBXBuildFile; fileRef = EB0EB6ED2E8041A700B50451 /* DouYuTVUITests.swift */; };
		EB0EB6F02E8041A700B50451 /* DouYuTVUITestsLaunchTests.swift in Sources */ = {isa = PBXBuildFile; fileRef = EB0EB6EF2E8041A700B50451 /* DouYuTVUITestsLaunchTests.swift */; };
		EB4A347E2E83E57700AAC230 /* Live.storyboard in Resources */ = {isa = PBXBuildFile; fileRef = EB4A347B2E83E57700AAC230 /* Live.storyboard */; };
		EB4A34832E83E58B00AAC230 /* Profile.storyboard in Resources */ = {isa = PBXBuildFile; fileRef = EB4A34812E83E58B00AAC230 /* Profile.storyboard */; };
		EB4A34892E83E5AD00AAC230 /* MainViewController.swift in Sources */ = {isa = PBXBuildFile; fileRef = EB4A34862E83E5AD00AAC230 /* MainViewController.swift */; };
		EB4A348A2E83E5AD00AAC230 /* Main.storyboard in Resources */ = {isa = PBXBuildFile; fileRef = EB4A34872E83E5AD00AAC230 /* Main.storyboard */; };
		EB4A348F2E83E61100AAC230 /* Follow.storyboard in Resources */ = {isa = PBXBuildFile; fileRef = EB4A348E2E83E61100AAC230 /* Follow.storyboard */; };
		EB4A34942E83E62500AAC230 /* Home.storyboard in Resources */ = {isa = PBXBuildFile; fileRef = EB4A34912E83E62500AAC230 /* Home.storyboard */; };
/* End PBXBuildFile section */

/* Begin PBXContainerItemProxy section */
		EB0EB6E02E8041A700B50451 /* PBXContainerItemProxy */ = {
			isa = PBXContainerItemProxy;
			containerPortal = EB0EB6C12E8041A400B50451 /* Project object */;
			proxyType = 1;
			remoteGlobalIDString = EB0EB6C82E8041A400B50451;
			remoteInfo = DouYuTV;
		};
		EB0EB6EA2E8041A700B50451 /* PBXContainerItemProxy */ = {
			isa = PBXContainerItemProxy;
			containerPortal = EB0EB6C12E8041A400B50451 /* Project object */;
			proxyType = 1;
			remoteGlobalIDString = EB0EB6C82E8041A400B50451;
			remoteInfo = DouYuTV;
		};
/* End PBXContainerItemProxy section */

/* Begin PBXFileReference section */
		EB0EB6C92E8041A400B50451 /* DouYuTV.app */ = {isa = PBXFileReference; explicitFileType = wrapper.application; includeInIndex = 0; path = DouYuTV.app; sourceTree = BUILT_PRODUCTS_DIR; };
		EB0EB6CC2E8041A400B50451 /* AppDelegate.swift */ = {isa = PBXFileReference; lastKnownFileType = sourcecode.swift; path = AppDelegate.swift; sourceTree = "<group>"; };
		EB0EB6CE2E8041A400B50451 /* SceneDelegate.swift */ = {isa = PBXFileReference; lastKnownFileType = sourcecode.swift; path = SceneDelegate.swift; sourceTree = "<group>"; };
		EB0EB6D02E8041A400B50451 /* ViewController.swift */ = {isa = PBXFileReference; lastKnownFileType = sourcecode.swift; path = ViewController.swift; sourceTree = "<group>"; };
		EB0EB6D52E8041A700B50451 /* Assets.xcassets */ = {isa = PBXFileReference; lastKnownFileType = folder.assetcatalog; path = Assets.xcassets; sourceTree = "<group>"; };
		EB0EB6D82E8041A700B50451 /* Base */ = {isa = PBXFileReference; lastKnownFileType = file.storyboard; name = Base; path = Base.lproj/LaunchScreen.storyboard; sourceTree = "<group>"; };
		EB0EB6DA2E8041A700B50451 /* Info.plist */ = {isa = PBXFileReference; lastKnownFileType = text.plist.xml; path = Info.plist; sourceTree = "<group>"; };
		EB0EB6DF2E8041A700B50451 /* DouYuTVTests.xctest */ = {isa = PBXFileReference; explicitFileType = wrapper.cfbundle; includeInIndex = 0; path = DouYuTVTests.xctest; sourceTree = BUILT_PRODUCTS_DIR; };
		EB0EB6E32E8041A700B50451 /* DouYuTVTests.swift */ = {isa = PBXFileReference; lastKnownFileType = sourcecode.swift; path = DouYuTVTests.swift; sourceTree = "<group>"; };
		EB0EB6E92E8041A700B50451 /* DouYuTVUITests.xctest */ = {isa = PBXFileReference; explicitFileType = wrapper.cfbundle; includeInIndex = 0; path = DouYuTVUITests.xctest; sourceTree = BUILT_PRODUCTS_DIR; };
		EB0EB6ED2E8041A700B50451 /* DouYuTVUITests.swift */ = {isa = PBXFileReference; lastKnownFileType = sourcecode.swift; path = DouYuTVUITests.swift; sourceTree = "<group>"; };
		EB0EB6EF2E8041A700B50451 /* DouYuTVUITestsLaunchTests.swift */ = {isa = PBXFileReference; lastKnownFileType = sourcecode.swift; path = DouYuTVUITestsLaunchTests.swift; sourceTree = "<group>"; };
		EB4A347B2E83E57700AAC230 /* Live.storyboard */ = {isa = PBXFileReference; fileEncoding = 4; lastKnownFileType = file.storyboard; path = Live.storyboard; sourceTree = "<group>"; };
		EB4A34812E83E58B00AAC230 /* Profile.storyboard */ = {isa = PBXFileReference; fileEncoding = 4; lastKnownFileType = file.storyboard; path = Profile.storyboard; sourceTree = "<group>"; };
		EB4A34862E83E5AD00AAC230 /* MainViewController.swift */ = {isa = PBXFileReference; fileEncoding = 4; lastKnownFileType = sourcecode.swift; path = MainViewController.swift; sourceTree = "<group>"; };
		EB4A34872E83E5AD00AAC230 /* Main.storyboard */ = {isa = PBXFileReference; fileEncoding = 4; lastKnownFileType = file.storyboard; path = Main.storyboard; sourceTree = "<group>"; };
		EB4A348E2E83E61100AAC230 /* Follow.storyboard */ = {isa = PBXFileReference; fileEncoding = 4; lastKnownFileType = file.storyboard; path = Follow.storyboard; sourceTree = "<group>"; };
		EB4A34912E83E62500AAC230 /* Home.storyboard */ = {isa = PBXFileReference; fileEncoding = 4; lastKnownFileType = file.storyboard; path = Home.storyboard; sourceTree = "<group>"; };
/* End PBXFileReference section */

/* Begin PBXFrameworksBuildPhase section */
		EB0EB6C62E8041A400B50451 /* Frameworks */ = {
			isa = PBXFrameworksBuildPhase;
			buildActionMask = 2147483647;
			files = (
			);
			runOnlyForDeploymentPostprocessing = 0;
		};
		EB0EB6DC2E8041A700B50451 /* Frameworks */ = {
			isa = PBXFrameworksBuildPhase;
			buildActionMask = 2147483647;
			files = (
			);
			runOnlyForDeploymentPostprocessing = 0;
		};
		EB0EB6E62E8041A700B50451 /* Frameworks */ = {
			isa = PBXFrameworksBuildPhase;
			buildActionMask = 2147483647;
			files = (
			);
			runOnlyForDeploymentPostprocessing = 0;
		};
/* End PBXFrameworksBuildPhase section */

/* Begin PBXGroup section */
		EB0EB6C02E8041A400B50451 = {
			isa = PBXGroup;
			children = (
				EB0EB6CB2E8041A400B50451 /* DouYuTV */,
				EB0EB6E22E8041A700B50451 /* DouYuTVTests */,
				EB0EB6EC2E8041A700B50451 /* DouYuTVUITests */,
				EB0EB6CA2E8041A400B50451 /* Products */,
			);
			sourceTree = "<group>";
		};
		EB0EB6CA2E8041A400B50451 /* Products */ = {
			isa = PBXGroup;
			children = (
				EB0EB6C92E8041A400B50451 /* DouYuTV.app */,
				EB0EB6DF2E8041A700B50451 /* DouYuTVTests.xctest */,
				EB0EB6E92E8041A700B50451 /* DouYuTVUITests.xctest */,
			);
			name = Products;
			sourceTree = "<group>";
		};
		EB0EB6CB2E8041A400B50451 /* DouYuTV */ = {
			isa = PBXGroup;
			children = (
				EB4B16722E8153C60080A7F4 /* Classes */,
				EB0EB6CC2E8041A400B50451 /* AppDelegate.swift */,
				EB0EB6CE2E8041A400B50451 /* SceneDelegate.swift */,
				EB0EB6D02E8041A400B50451 /* ViewController.swift */,
				EB0EB6D52E8041A700B50451 /* Assets.xcassets */,
				EB0EB6D72E8041A700B50451 /* LaunchScreen.storyboard */,
				EB0EB6DA2E8041A700B50451 /* Info.plist */,
			);
			path = DouYuTV;
			sourceTree = "<group>";
		};
		EB0EB6E22E8041A700B50451 /* DouYuTVTests */ = {
			isa = PBXGroup;
			children = (
				EB0EB6E32E8041A700B50451 /* DouYuTVTests.swift */,
			);
			path = DouYuTVTests;
			sourceTree = "<group>";
		};
		EB0EB6EC2E8041A700B50451 /* DouYuTVUITests */ = {
			isa = PBXGroup;
			children = (
				EB0EB6ED2E8041A700B50451 /* DouYuTVUITests.swift */,
				EB0EB6EF2E8041A700B50451 /* DouYuTVUITestsLaunchTests.swift */,
			);
			path = DouYuTVUITests;
			sourceTree = "<group>";
		};
		EB4A347A2E83E57700AAC230 /* Controller */ = {
			isa = PBXGroup;
			children = (
				EB4A347B2E83E57700AAC230 /* Live.storyboard */,
			);
			path = Controller;
			sourceTree = "<group>";
		};
		EB4A347C2E83E57700AAC230 /* Model */ = {
			isa = PBXGroup;
			children = (
			);
			path = Model;
			sourceTree = "<group>";
		};
		EB4A347D2E83E57700AAC230 /* View */ = {
			isa = PBXGroup;
			children = (
			);
			path = View;
			sourceTree = "<group>";
		};
		EB4A347F2E83E58B00AAC230 /* Model */ = {
			isa = PBXGroup;
			children = (
			);
			path = Model;
			sourceTree = "<group>";
		};
		EB4A34802E83E58B00AAC230 /* Controller */ = {
			isa = PBXGroup;
			children = (
				EB4A34812E83E58B00AAC230 /* Profile.storyboard */,
			);
			path = Controller;
			sourceTree = "<group>";
		};
		EB4A34822E83E58B00AAC230 /* View */ = {
			isa = PBXGroup;
			children = (
			);
			path = View;
			sourceTree = "<group>";
		};
		EB4A34842E83E5AD00AAC230 /* View */ = {
			isa = PBXGroup;
			children = (
			);
			path = View;
			sourceTree = "<group>";
		};
		EB4A34852E83E5AD00AAC230 /* Controller */ = {
			isa = PBXGroup;
			children = (
				EB4A34862E83E5AD00AAC230 /* MainViewController.swift */,
				EB4A34872E83E5AD00AAC230 /* Main.storyboard */,
			);
			path = Controller;
			sourceTree = "<group>";
		};
		EB4A34882E83E5AD00AAC230 /* Model */ = {
			isa = PBXGroup;
			children = (
			);
			path = Model;
			sourceTree = "<group>";
		};
		EB4A348B2E83E61100AAC230 /* Model */ = {
			isa = PBXGroup;
			children = (
			);
			path = Model;
			sourceTree = "<group>";
		};
		EB4A348C2E83E61100AAC230 /* View */ = {
			isa = PBXGroup;
			children = (
			);
			path = View;
			sourceTree = "<group>";
		};
		EB4A348D2E83E61100AAC230 /* Controller */ = {
			isa = PBXGroup;
			children = (
				EB4A348E2E83E61100AAC230 /* Follow.storyboard */,
			);
			path = Controller;
			sourceTree = "<group>";
		};
		EB4A34902E83E62500AAC230 /* Controller */ = {
			isa = PBXGroup;
			children = (
				EB4A34912E83E62500AAC230 /* Home.storyboard */,
			);
			path = Controller;
			sourceTree = "<group>";
		};
		EB4A34922E83E62500AAC230 /* Model */ = {
			isa = PBXGroup;
			children = (
			);
			path = Model;
			sourceTree = "<group>";
		};
		EB4A34932E83E62500AAC230 /* View */ = {
			isa = PBXGroup;
			children = (
			);
			path = View;
			sourceTree = "<group>";
		};
		EB4B16722E8153C60080A7F4 /* Classes */ = {
			isa = PBXGroup;
			children = (
				EB4B16732E8153C60080A7F4 /* Home */,
				EB4B16742E8153C60080A7F4 /* Tools */,
				EB4B16752E8153C60080A7F4 /* Follow */,
				EB4B16762E8153C60080A7F4 /* Profile */,
				EB4B16772E8153C60080A7F4 /* Live */,
				EB4B16782E8153C60080A7F4 /* Main */,
			);
			path = Classes;
			sourceTree = "<group>";
		};
		EB4B16732E8153C60080A7F4 /* Home */ = {
			isa = PBXGroup;
			children = (
				EB4A34902E83E62500AAC230 /* Controller */,
				EB4A34922E83E62500AAC230 /* Model */,
				EB4A34932E83E62500AAC230 /* View */,
			);
			path = Home;
			sourceTree = "<group>";
		};
		EB4B16742E8153C60080A7F4 /* Tools */ = {
			isa = PBXGroup;
			children = (
			);
			path = Tools;
			sourceTree = "<group>";
		};
		EB4B16752E8153C60080A7F4 /* Follow */ = {
			isa = PBXGroup;
			children = (
				EB4A348D2E83E61100AAC230 /* Controller */,
				EB4A348B2E83E61100AAC230 /* Model */,
				EB4A348C2E83E61100AAC230 /* View */,
			);
			path = Follow;
			sourceTree = "<group>";
		};
		EB4B16762E8153C60080A7F4 /* Profile */ = {
			isa = PBXGroup;
			children = (
				EB4A34802E83E58B00AAC230 /* Controller */,
				EB4A347F2E83E58B00AAC230 /* Model */,
				EB4A34822E83E58B00AAC230 /* View */,
			);
			path = Profile;
			sourceTree = "<group>";
		};
		EB4B16772E8153C60080A7F4 /* Live */ = {
			isa = PBXGroup;
			children = (
				EB4A347A2E83E57700AAC230 /* Controller */,
				EB4A347C2E83E57700AAC230 /* Model */,
				EB4A347D2E83E57700AAC230 /* View */,
			);
			path = Live;
			sourceTree = "<group>";
		};
		EB4B16782E8153C60080A7F4 /* Main */ = {
			isa = PBXGroup;
			children = (
				EB4A34852E83E5AD00AAC230 /* Controller */,
				EB4A34882E83E5AD00AAC230 /* Model */,
				EB4A34842E83E5AD00AAC230 /* View */,
			);
			path = Main;
			sourceTree = "<group>";
		};
/* End PBXGroup section */

/* Begin PBXNativeTarget section */
		EB0EB6C82E8041A400B50451 /* DouYuTV */ = {
			isa = PBXNativeTarget;
			buildConfigurationList = EB0EB6F32E8041A700B50451 /* Build configuration list for PBXNativeTarget "DouYuTV" */;
			buildPhases = (
				EB0EB6C52E8041A400B50451 /* Sources */,
				EB0EB6C62E8041A400B50451 /* Frameworks */,
				EB0EB6C72E8041A400B50451 /* Resources */,
			);
			buildRules = (
			);
			dependencies = (
			);
			name = DouYuTV;
			productName = DouYuTV;
			productReference = EB0EB6C92E8041A400B50451 /* DouYuTV.app */;
			productType = "com.apple.product-type.application";
		};
		EB0EB6DE2E8041A700B50451 /* DouYuTVTests */ = {
			isa = PBXNativeTarget;
			buildConfigurationList = EB0EB6F62E8041A700B50451 /* Build configuration list for PBXNativeTarget "DouYuTVTests" */;
			buildPhases = (
				EB0EB6DB2E8041A700B50451 /* Sources */,
				EB0EB6DC2E8041A700B50451 /* Frameworks */,
				EB0EB6DD2E8041A700B50451 /* Resources */,
			);
			buildRules = (
			);
			dependencies = (
				EB0EB6E12E8041A700B50451 /* PBXTargetDependency */,
			);
			name = DouYuTVTests;
			productName = DouYuTVTests;
			productReference = EB0EB6DF2E8041A700B50451 /* DouYuTVTests.xctest */;
			productType = "com.apple.product-type.bundle.unit-test";
		};
		EB0EB6E82E8041A700B50451 /* DouYuTVUITests */ = {
			isa = PBXNativeTarget;
			buildConfigurationList = EB0EB6F92E8041A700B50451 /* Build configuration list for PBXNativeTarget "DouYuTVUITests" */;
			buildPhases = (
				EB0EB6E52E8041A700B50451 /* Sources */,
				EB0EB6E62E8041A700B50451 /* Frameworks */,
				EB0EB6E72E8041A700B50451 /* Resources */,
			);
			buildRules = (
			);
			dependencies = (
				EB0EB6EB2E8041A700B50451 /* PBXTargetDependency */,
			);
			name = DouYuTVUITests;
			productName = DouYuTVUITests;
			productReference = EB0EB6E92E8041A700B50451 /* DouYuTVUITests.xctest */;
			productType = "com.apple.product-type.bundle.ui-testing";
		};
/* End PBXNativeTarget section */

/* Begin PBXProject section */
		EB0EB6C12E8041A400B50451 /* Project object */ = {
			isa = PBXProject;
			attributes = {
				BuildIndependentTargetsInParallel = 1;
				LastSwiftUpdateCheck = 1340;
				LastUpgradeCheck = 1340;
				TargetAttributes = {
					EB0EB6C82E8041A400B50451 = {
						CreatedOnToolsVersion = 13.4;
					};
					EB0EB6DE2E8041A700B50451 = {
						CreatedOnToolsVersion = 13.4;
						TestTargetID = EB0EB6C82E8041A400B50451;
					};
					EB0EB6E82E8041A700B50451 = {
						CreatedOnToolsVersion = 13.4;
						TestTargetID = EB0EB6C82E8041A400B50451;
					};
				};
			};
			buildConfigurationList = EB0EB6C42E8041A400B50451 /* Build configuration list for PBXProject "DouYuTV" */;
			compatibilityVersion = "Xcode 13.0";
			developmentRegion = en;
			hasScannedForEncodings = 0;
			knownRegions = (
				en,
				Base,
			);
			mainGroup = EB0EB6C02E8041A400B50451;
			productRefGroup = EB0EB6CA2E8041A400B50451 /* Products */;
			projectDirPath = "";
			projectRoot = "";
			targets = (
				EB0EB6C82E8041A400B50451 /* DouYuTV */,
				EB0EB6DE2E8041A700B50451 /* DouYuTVTests */,
				EB0EB6E82E8041A700B50451 /* DouYuTVUITests */,
			);
		};
/* End PBXProject section */

/* Begin PBXResourcesBuildPhase section */
		EB0EB6C72E8041A400B50451 /* Resources */ = {
			isa = PBXResourcesBuildPhase;
			buildActionMask = 2147483647;
			files = (
				EB0EB6D92E8041A700B50451 /* LaunchScreen.storyboard in Resources */,
				EB0EB6D62E8041A700B50451 /* Assets.xcassets in Resources */,
				EB4A348A2E83E5AD00AAC230 /* Main.storyboard in Resources */,
				EB4A348F2E83E61100AAC230 /* Follow.storyboard in Resources */,
				EB4A34832E83E58B00AAC230 /* Profile.storyboard in Resources */,
				EB4A347E2E83E57700AAC230 /* Live.storyboard in Resources */,
				EB4A34942E83E62500AAC230 /* Home.storyboard in Resources */,
			);
			runOnlyForDeploymentPostprocessing = 0;
		};
		EB0EB6DD2E8041A700B50451 /* Resources */ = {
			isa = PBXResourcesBuildPhase;
			buildActionMask = 2147483647;
			files = (
			);
			runOnlyForDeploymentPostprocessing = 0;
		};
		EB0EB6E72E8041A700B50451 /* Resources */ = {
			isa = PBXResourcesBuildPhase;
			buildActionMask = 2147483647;
			files = (
			);
			runOnlyForDeploymentPostprocessing = 0;
		};
/* End PBXResourcesBuildPhase section */

/* Begin PBXSourcesBuildPhase section */
		EB0EB6C52E8041A400B50451 /* Sources */ = {
			isa = PBXSourcesBuildPhase;
			buildActionMask = 2147483647;
			files = (
				EB0EB6D12E8041A400B50451 /* ViewController.swift in Sources */,
				EB0EB6CD2E8041A400B50451 /* AppDelegate.swift in Sources */,
				EB0EB6CF2E8041A400B50451 /* SceneDelegate.swift in Sources */,
				EB4A34892E83E5AD00AAC230 /* MainViewController.swift in Sources */,
			);
			runOnlyForDeploymentPostprocessing = 0;
		};
		EB0EB6DB2E8041A700B50451 /* Sources */ = {
			isa = PBXSourcesBuildPhase;
			buildActionMask = 2147483647;
			files = (
				EB0EB6E42E8041A700B50451 /* DouYuTVTests.swift in Sources */,
			);
			runOnlyForDeploymentPostprocessing = 0;
		};
		EB0EB6E52E8041A700B50451 /* Sources */ = {
			isa = PBXSourcesBuildPhase;
			buildActionMask = 2147483647;
			files = (
				EB0EB6EE2E8041A700B50451 /* DouYuTVUITests.swift in Sources */,
				EB0EB6F02E8041A700B50451 /* DouYuTVUITestsLaunchTests.swift in Sources */,
			);
			runOnlyForDeploymentPostprocessing = 0;
		};
/* End PBXSourcesBuildPhase section */

/* Begin PBXTargetDependency section */
		EB0EB6E12E8041A700B50451 /* PBXTargetDependency */ = {
			isa = PBXTargetDependency;
			target = EB0EB6C82E8041A400B50451 /* DouYuTV */;
			targetProxy = EB0EB6E02E8041A700B50451 /* PBXContainerItemProxy */;
		};
		EB0EB6EB2E8041A700B50451 /* PBXTargetDependency */ = {
			isa = PBXTargetDependency;
			target = EB0EB6C82E8041A400B50451 /* DouYuTV */;
			targetProxy = EB0EB6EA2E8041A700B50451 /* PBXContainerItemProxy */;
		};
/* End PBXTargetDependency section */

/* Begin PBXVariantGroup section */
		EB0EB6D72E8041A700B50451 /* LaunchScreen.storyboard */ = {
			isa = PBXVariantGroup;
			children = (
				EB0EB6D82E8041A700B50451 /* Base */,
			);
			name = LaunchScreen.storyboard;
			sourceTree = "<group>";
		};
/* End PBXVariantGroup section */

/* Begin XCBuildConfiguration section */
		EB0EB6F12E8041A700B50451 /* Debug */ = {
			isa = XCBuildConfiguration;
			buildSettings = {
				ALWAYS_SEARCH_USER_PATHS = NO;
				CLANG_ANALYZER_NONNULL = YES;
				CLANG_ANALYZER_NUMBER_OBJECT_CONVERSION = YES_AGGRESSIVE;
				CLANG_CXX_LANGUAGE_STANDARD = "gnu++17";
				CLANG_ENABLE_MODULES = YES;
				CLANG_ENABLE_OBJC_ARC = YES;
				CLANG_ENABLE_OBJC_WEAK = YES;
				CLANG_WARN_BLOCK_CAPTURE_AUTORELEASING = YES;
				CLANG_WARN_BOOL_CONVERSION = YES;
				CLANG_WARN_COMMA = YES;
				CLANG_WARN_CONSTANT_CONVERSION = YES;
				CLANG_WARN_DEPRECATED_OBJC_IMPLEMENTATIONS = YES;
				CLANG_WARN_DIRECT_OBJC_ISA_USAGE = YES_ERROR;
				CLANG_WARN_DOCUMENTATION_COMMENTS = YES;
				CLANG_WARN_EMPTY_BODY = YES;
				CLANG_WARN_ENUM_CONVERSION = YES;
				CLANG_WARN_INFINITE_RECURSION = YES;
				CLANG_WARN_INT_CONVERSION = YES;
				CLANG_WARN_NON_LITERAL_NULL_CONVERSION = YES;
				CLANG_WARN_OBJC_IMPLICIT_RETAIN_SELF = YES;
				CLANG_WARN_OBJC_LITERAL_CONVERSION = YES;
				CLANG_WARN_OBJC_ROOT_CLASS = YES_ERROR;
				CLANG_WARN_QUOTED_INCLUDE_IN_FRAMEWORK_HEADER = YES;
				CLANG_WARN_RANGE_LOOP_ANALYSIS = YES;
				CLANG_WARN_STRICT_PROTOTYPES = YES;
				CLANG_WARN_SUSPICIOUS_MOVE = YES;
				CLANG_WARN_UNGUARDED_AVAILABILITY = YES_AGGRESSIVE;
				CLANG_WARN_UNREACHABLE_CODE = YES;
				CLANG_WARN__DUPLICATE_METHOD_MATCH = YES;
				COPY_PHASE_STRIP = NO;
				DEBUG_INFORMATION_FORMAT = dwarf;
				ENABLE_STRICT_OBJC_MSGSEND = YES;
				ENABLE_TESTABILITY = YES;
				GCC_C_LANGUAGE_STANDARD = gnu11;
				GCC_DYNAMIC_NO_PIC = NO;
				GCC_NO_COMMON_BLOCKS = YES;
				GCC_OPTIMIZATION_LEVEL = 0;
				GCC_PREPROCESSOR_DEFINITIONS = (
					"DEBUG=1",
					"$(inherited)",
				);
				GCC_WARN_64_TO_32_BIT_CONVERSION = YES;
				GCC_WARN_ABOUT_RETURN_TYPE = YES_ERROR;
				GCC_WARN_UNDECLARED_SELECTOR = YES;
				GCC_WARN_UNINITIALIZED_AUTOS = YES_AGGRESSIVE;
				GCC_WARN_UNUSED_FUNCTION = YES;
				GCC_WARN_UNUSED_VARIABLE = YES;
				IPHONEOS_DEPLOYMENT_TARGET = 15.5;
				MTL_ENABLE_DEBUG_INFO = INCLUDE_SOURCE;
				MTL_FAST_MATH = YES;
				ONLY_ACTIVE_ARCH = YES;
				SDKROOT = iphoneos;
				SWIFT_ACTIVE_COMPILATION_CONDITIONS = DEBUG;
				SWIFT_OPTIMIZATION_LEVEL = "-Onone";
			};
			name = Debug;
		};
		EB0EB6F22E8041A700B50451 /* Release */ = {
			isa = XCBuildConfiguration;
			buildSettings = {
				ALWAYS_SEARCH_USER_PATHS = NO;
				CLANG_ANALYZER_NONNULL = YES;
				CLANG_ANALYZER_NUMBER_OBJECT_CONVERSION = YES_AGGRESSIVE;
				CLANG_CXX_LANGUAGE_STANDARD = "gnu++17";
				CLANG_ENABLE_MODULES = YES;
				CLANG_ENABLE_OBJC_ARC = YES;
				CLANG_ENABLE_OBJC_WEAK = YES;
				CLANG_WARN_BLOCK_CAPTURE_AUTORELEASING = YES;
				CLANG_WARN_BOOL_CONVERSION = YES;
				CLANG_WARN_COMMA = YES;
				CLANG_WARN_CONSTANT_CONVERSION = YES;
				CLANG_WARN_DEPRECATED_OBJC_IMPLEMENTATIONS = YES;
				CLANG_WARN_DIRECT_OBJC_ISA_USAGE = YES_ERROR;
				CLANG_WARN_DOCUMENTATION_COMMENTS = YES;
				CLANG_WARN_EMPTY_BODY = YES;
				CLANG_WARN_ENUM_CONVERSION = YES;
				CLANG_WARN_INFINITE_RECURSION = YES;
				CLANG_WARN_INT_CONVERSION = YES;
				CLANG_WARN_NON_LITERAL_NULL_CONVERSION = YES;
				CLANG_WARN_OBJC_IMPLICIT_RETAIN_SELF = YES;
				CLANG_WARN_OBJC_LITERAL_CONVERSION = YES;
				CLANG_WARN_OBJC_ROOT_CLASS = YES_ERROR;
				CLANG_WARN_QUOTED_INCLUDE_IN_FRAMEWORK_HEADER = YES;
				CLANG_WARN_RANGE_LOOP_ANALYSIS = YES;
				CLANG_WARN_STRICT_PROTOTYPES = YES;
				CLANG_WARN_SUSPICIOUS_MOVE = YES;
				CLANG_WARN_UNGUARDED_AVAILABILITY = YES_AGGRESSIVE;
				CLANG_WARN_UNREACHABLE_CODE = YES;
				CLANG_WARN__DUPLICATE_METHOD_MATCH = YES;
				COPY_PHASE_STRIP = NO;
				DEBUG_INFORMATION_FORMAT = "dwarf-with-dsym";
				ENABLE_NS_ASSERTIONS = NO;
				ENABLE_STRICT_OBJC_MSGSEND = YES;
				GCC_C_LANGUAGE_STANDARD = gnu11;
				GCC_NO_COMMON_BLOCKS = YES;
				GCC_WARN_64_TO_32_BIT_CONVERSION = YES;
				GCC_WARN_ABOUT_RETURN_TYPE = YES_ERROR;
				GCC_WARN_UNDECLARED_SELECTOR = YES;
				GCC_WARN_UNINITIALIZED_AUTOS = YES_AGGRESSIVE;
				GCC_WARN_UNUSED_FUNCTION = YES;
				GCC_WARN_UNUSED_VARIABLE = YES;
				IPHONEOS_DEPLOYMENT_TARGET = 15.5;
				MTL_ENABLE_DEBUG_INFO = NO;
				MTL_FAST_MATH = YES;
				SDKROOT = iphoneos;
				SWIFT_COMPILATION_MODE = wholemodule;
				SWIFT_OPTIMIZATION_LEVEL = "-O";
				VALIDATE_PRODUCT = YES;
			};
			name = Release;
		};
		EB0EB6F42E8041A700B50451 /* Debug */ = {
			isa = XCBuildConfiguration;
			buildSettings = {
				ASSETCATALOG_COMPILER_APPICON_NAME = AppIcon;
				ASSETCATALOG_COMPILER_GLOBAL_ACCENT_COLOR_NAME = AccentColor;
				ASSETCATALOG_COMPILER_INCLUDE_ALL_APPICON_ASSETS = NO;
				CODE_SIGN_STYLE = Automatic;
				CURRENT_PROJECT_VERSION = 1;
				DEVELOPMENT_TEAM = W4G5NYC77D;
				GENERATE_INFOPLIST_FILE = YES;
				INFOPLIST_FILE = DouYuTV/Info.plist;
				INFOPLIST_KEY_UIApplicationSupportsIndirectInputEvents = YES;
				INFOPLIST_KEY_UILaunchStoryboardName = "Brand Assets";
				INFOPLIST_KEY_UIMainStoryboardFile = Main;
				INFOPLIST_KEY_UISupportedInterfaceOrientations = UIInterfaceOrientationPortrait;
				INFOPLIST_KEY_UISupportedInterfaceOrientations_iPad = "UIInterfaceOrientationPortrait UIInterfaceOrientationPortraitUpsideDown UIInterfaceOrientationLandscapeLeft UIInterfaceOrientationLandscapeRight";
				INFOPLIST_KEY_UISupportedInterfaceOrientations_iPhone = "UIInterfaceOrientationPortrait UIInterfaceOrientationLandscapeLeft UIInterfaceOrientationLandscapeRight";
				IPHONEOS_DEPLOYMENT_TARGET = 9.0;
				LD_RUNPATH_SEARCH_PATHS = (
					"$(inherited)",
					"@executable_path/Frameworks",
				);
				MARKETING_VERSION = 1.0;
				PRODUCT_BUNDLE_IDENTIFIER = zhang.DouYuTV;
				PRODUCT_NAME = "$(TARGET_NAME)";
				SWIFT_EMIT_LOC_STRINGS = YES;
				SWIFT_VERSION = 5.0;
				TARGETED_DEVICE_FAMILY = 1;
			};
			name = Debug;
		};
		EB0EB6F52E8041A700B50451 /* Release */ = {
			isa = XCBuildConfiguration;
			buildSettings = {
				ASSETCATALOG_COMPILER_APPICON_NAME = AppIcon;
				ASSETCATALOG_COMPILER_GLOBAL_ACCENT_COLOR_NAME = AccentColor;
				ASSETCATALOG_COMPILER_INCLUDE_ALL_APPICON_ASSETS = NO;
				CODE_SIGN_STYLE = Automatic;
				CURRENT_PROJECT_VERSION = 1;
				DEVELOPMENT_TEAM = W4G5NYC77D;
				GENERATE_INFOPLIST_FILE = YES;
				INFOPLIST_FILE = DouYuTV/Info.plist;
				INFOPLIST_KEY_UIApplicationSupportsIndirectInputEvents = YES;
				INFOPLIST_KEY_UILaunchStoryboardName = "Brand Assets";
				INFOPLIST_KEY_UIMainStoryboardFile = Main;
				INFOPLIST_KEY_UISupportedInterfaceOrientations = UIInterfaceOrientationPortrait;
				INFOPLIST_KEY_UISupportedInterfaceOrientations_iPad = "UIInterfaceOrientationPortrait UIInterfaceOrientationPortraitUpsideDown UIInterfaceOrientationLandscapeLeft UIInterfaceOrientationLandscapeRight";
				INFOPLIST_KEY_UISupportedInterfaceOrientations_iPhone = "UIInterfaceOrientationPortrait UIInterfaceOrientationLandscapeLeft UIInterfaceOrientationLandscapeRight";
				IPHONEOS_DEPLOYMENT_TARGET = 9.0;
				LD_RUNPATH_SEARCH_PATHS = (
					"$(inherited)",
					"@executable_path/Frameworks",
				);
				MARKETING_VERSION = 1.0;
				PRODUCT_BUNDLE_IDENTIFIER = zhang.DouYuTV;
				PRODUCT_NAME = "$(TARGET_NAME)";
				SWIFT_EMIT_LOC_STRINGS = YES;
				SWIFT_VERSION = 5.0;
				TARGETED_DEVICE_FAMILY = 1;
			};
			name = Release;
		};
		EB0EB6F72E8041A700B50451 /* Debug */ = {
			isa = XCBuildConfiguration;
			buildSettings = {
				ALWAYS_EMBED_SWIFT_STANDARD_LIBRARIES = YES;
				BUNDLE_LOADER = "$(TEST_HOST)";
				CODE_SIGN_STYLE = Automatic;
				CURRENT_PROJECT_VERSION = 1;
				DEVELOPMENT_TEAM = W4G5NYC77D;
				GENERATE_INFOPLIST_FILE = YES;
				IPHONEOS_DEPLOYMENT_TARGET = 15.5;
				MARKETING_VERSION = 1.0;
				PRODUCT_BUNDLE_IDENTIFIER = zhang.DouYuTVTests;
				PRODUCT_NAME = "$(TARGET_NAME)";
				SWIFT_EMIT_LOC_STRINGS = NO;
				SWIFT_VERSION = 5.0;
				TARGETED_DEVICE_FAMILY = "1,2";
				TEST_HOST = "$(BUILT_PRODUCTS_DIR)/DouYuTV.app/DouYuTV";
			};
			name = Debug;
		};
		EB0EB6F82E8041A700B50451 /* Release */ = {
			isa = XCBuildConfiguration;
			buildSettings = {
				ALWAYS_EMBED_SWIFT_STANDARD_LIBRARIES = YES;
				BUNDLE_LOADER = "$(TEST_HOST)";
				CODE_SIGN_STYLE = Automatic;
				CURRENT_PROJECT_VERSION = 1;
				DEVELOPMENT_TEAM = W4G5NYC77D;
				GENERATE_INFOPLIST_FILE = YES;
				IPHONEOS_DEPLOYMENT_TARGET = 15.5;
				MARKETING_VERSION = 1.0;
				PRODUCT_BUNDLE_IDENTIFIER = zhang.DouYuTVTests;
				PRODUCT_NAME = "$(TARGET_NAME)";
				SWIFT_EMIT_LOC_STRINGS = NO;
				SWIFT_VERSION = 5.0;
				TARGETED_DEVICE_FAMILY = "1,2";
				TEST_HOST = "$(BUILT_PRODUCTS_DIR)/DouYuTV.app/DouYuTV";
			};
			name = Release;
		};
		EB0EB6FA2E8041A700B50451 /* Debug */ = {
			isa = XCBuildConfiguration;
			buildSettings = {
				ALWAYS_EMBED_SWIFT_STANDARD_LIBRARIES = YES;
				CODE_SIGN_STYLE = Automatic;
				CURRENT_PROJECT_VERSION = 1;
				DEVELOPMENT_TEAM = W4G5NYC77D;
				GENERATE_INFOPLIST_FILE = YES;
				MARKETING_VERSION = 1.0;
				PRODUCT_BUNDLE_IDENTIFIER = zhang.DouYuTVUITests;
				PRODUCT_NAME = "$(TARGET_NAME)";
				SWIFT_EMIT_LOC_STRINGS = NO;
				SWIFT_VERSION = 5.0;
				TARGETED_DEVICE_FAMILY = "1,2";
				TEST_TARGET_NAME = DouYuTV;
			};
			name = Debug;
		};
		EB0EB6FB2E8041A700B50451 /* Release */ = {
			isa = XCBuildConfiguration;
			buildSettings = {
				ALWAYS_EMBED_SWIFT_STANDARD_LIBRARIES = YES;
				CODE_SIGN_STYLE = Automatic;
				CURRENT_PROJECT_VERSION = 1;
				DEVELOPMENT_TEAM = W4G5NYC77D;
				GENERATE_INFOPLIST_FILE = YES;
				MARKETING_VERSION = 1.0;
				PRODUCT_BUNDLE_IDENTIFIER = zhang.DouYuTVUITests;
				PRODUCT_NAME = "$(TARGET_NAME)";
				SWIFT_EMIT_LOC_STRINGS = NO;
				SWIFT_VERSION = 5.0;
				TARGETED_DEVICE_FAMILY = "1,2";
				TEST_TARGET_NAME = DouYuTV;
			};
			name = Release;
		};
/* End XCBuildConfiguration section */

/* Begin XCConfigurationList section */
		EB0EB6C42E8041A400B50451 /* Build configuration list for PBXProject "DouYuTV" */ = {
			isa = XCConfigurationList;
			buildConfigurations = (
				EB0EB6F12E8041A700B50451 /* Debug */,
				EB0EB6F22E8041A700B50451 /* Release */,
			);
			defaultConfigurationIsVisible = 0;
			defaultConfigurationName = Release;
		};
		EB0EB6F32E8041A700B50451 /* Build configuration list for PBXNativeTarget "DouYuTV" */ = {
			isa = XCConfigurationList;
			buildConfigurations = (
				EB0EB6F42E8041A700B50451 /* Debug */,
				EB0EB6F52E8041A700B50451 /* Release */,
			);
			defaultConfigurationIsVisible = 0;
			defaultConfigurationName = Release;
		};
		EB0EB6F62E8041A700B50451 /* Build configuration list for PBXNativeTarget "DouYuTVTests" */ = {
			isa = XCConfigurationList;
			buildConfigurations = (
				EB0EB6F72E8041A700B50451 /* Debug */,
				EB0EB6F82E8041A700B50451 /* Release */,
			);
			defaultConfigurationIsVisible = 0;
			defaultConfigurationName = Release;
		};
		EB0EB6F92E8041A700B50451 /* Build configuration list for PBXNativeTarget "DouYuTVUITests" */ = {
			isa = XCConfigurationList;
			buildConfigurations = (
				EB0EB6FA2E8041A700B50451 /* Debug */,
				EB0EB6FB2E8041A700B50451 /* Release */,
			);
			defaultConfigurationIsVisible = 0;
			defaultConfigurationName = Release;
		};
/* End XCConfigurationList section */
	};
	rootObject = EB0EB6C12E8041A400B50451 /* Project object */;
}
